
Microsoft Visual Studio Solution File, Format Version 12.00
# Visual Studio Version 17
VisualStudioVersion = 17.12.35527.113 d17.12
MinimumVisualStudioVersion = 10.0.40219.1
Project("{FAE04EC0-301F-11D3-BF4B-00C04F79EFBC}") = "JsonEditor", "JsonEditor\JsonEditor.csproj", "{7349ECE9-DA87-4285-A4AA-0AA6E9FAA13B}"
EndProject
Global
	GlobalSection(SolutionConfigurationPlatforms) = preSolution
		Debug|Any CPU = Debug|Any CPU
		Release|Any CPU = Release|Any CPU
	EndGlobalSection
	GlobalSection(ProjectConfigurationPlatforms) = postSolution
		{7349ECE9-DA87-4285-A4AA-0AA6E9FAA13B}.Debug|Any CPU.ActiveCfg = Debug|Any CPU
		{7349ECE9-DA87-4285-A4AA-0AA6E9FAA13B}.Debug|Any CPU.Build.0 = Debug|Any CPU
		{7349ECE9-DA87-4285-A4AA-0AA6E9FAA13B}.Release|Any CPU.ActiveCfg = Release|Any CPU
		{7349ECE9-DA87-4285-A4AA-0AA6E9FAA13B}.Release|Any CPU.Build.0 = Release|Any CPU
	EndGlobalSection
	GlobalSection(SolutionProperties) = preSolution
		HideSolutionNode = FALSE
	EndGlobalSection
EndGlobal
